
Microsoft Visual Studio Solution File, Format Version 12.00
# Visual Studio 14
VisualStudioVersion = 14.0.25420.1
MinimumVisualStudioVersion = 10.0.40219.1
Project("{F2A71F9B-5D33-465A-A702-920D77279786}") = "fscx-enabled", "fscx-enabled\fscx-enabled.fsproj", "{5F5706D7-D3E0-4200-A754-770E2BD7906E}"
EndProject
Project("{F2A71F9B-5D33-465A-A702-920D77279786}") = "fscx-enabled-main", "fscx-enabled-main\fscx-enabled-main.fsproj", "{F12CE420-D232-4DD2-80F2-82D6152B4292}"
EndProject
Project("{F2A71F9B-5D33-465A-A702-920D77279786}") = "no-fscx-enabled", "no-fscx-enabled\no-fscx-enabled.fsproj", "{038E8B8C-6917-493F-B2FB-D6D2C6D8A822}"
EndProject
Project("{F2A71F9B-5D33-465A-A702-920D77279786}") = "no-fscx-enabled-main", "no-fscx-enabled-main\no-fscx-enabled-main.fsproj", "{E18036B4-56AE-49C1-9F97-3E1966CB46BA}"
EndProject
Global
	GlobalSection(SolutionConfigurationPlatforms) = preSolution
		Debug|Any CPU = Debug|Any CPU
		Release|Any CPU = Release|Any CPU
	EndGlobalSection
	GlobalSection(ProjectConfigurationPlatforms) = postSolution
		{5F5706D7-D3E0-4200-A754-770E2BD7906E}.Debug|Any CPU.ActiveCfg = Debug|Any CPU
		{5F5706D7-D3E0-4200-A754-770E2BD7906E}.Debug|Any CPU.Build.0 = Debug|Any CPU
		{5F5706D7-D3E0-4200-A754-770E2BD7906E}.Release|Any CPU.ActiveCfg = Release|Any CPU
		{5F5706D7-D3E0-4200-A754-770E2BD7906E}.Release|Any CPU.Build.0 = Release|Any CPU
		{F12CE420-D232-4DD2-80F2-82D6152B4292}.Debug|Any CPU.ActiveCfg = Debug|Any CPU
		{F12CE420-D232-4DD2-80F2-82D6152B4292}.Debug|Any CPU.Build.0 = Debug|Any CPU
		{F12CE420-D232-4DD2-80F2-82D6152B4292}.Release|Any CPU.ActiveCfg = Release|Any CPU
		{F12CE420-D232-4DD2-80F2-82D6152B4292}.Release|Any CPU.Build.0 = Release|Any CPU
		{038E8B8C-6917-493F-B2FB-D6D2C6D8A822}.Debug|Any CPU.ActiveCfg = Debug|Any CPU
		{038E8B8C-6917-493F-B2FB-D6D2C6D8A822}.Debug|Any CPU.Build.0 = Debug|Any CPU
		{038E8B8C-6917-493F-B2FB-D6D2C6D8A822}.Release|Any CPU.ActiveCfg = Release|Any CPU
		{038E8B8C-6917-493F-B2FB-D6D2C6D8A822}.Release|Any CPU.Build.0 = Release|Any CPU
		{E18036B4-56AE-49C1-9F97-3E1966CB46BA}.Debug|Any CPU.ActiveCfg = Debug|Any CPU
		{E18036B4-56AE-49C1-9F97-3E1966CB46BA}.Debug|Any CPU.Build.0 = Debug|Any CPU
		{E18036B4-56AE-49C1-9F97-3E1966CB46BA}.Release|Any CPU.ActiveCfg = Release|Any CPU
		{E18036B4-56AE-49C1-9F97-3E1966CB46BA}.Release|Any CPU.Build.0 = Release|Any CPU
	EndGlobalSection
	GlobalSection(SolutionProperties) = preSolution
		HideSolutionNode = FALSE
	EndGlobalSection
EndGlobal
